{
  "name": "nuiAlumni",
  "version": "1.0.0",
  "lockfileVersion": 1,
  "requires": true,
  "dependencies": {
    "deepmerge": {
      "version": "4.2.2",
      "resolved": "https://registry.npmjs.org/deepmerge/-/deepmerge-4.2.2.tgz",
      "integrity": "sha512-FJ3UgI4gIl+PHZm53knsuSFpE+nESMr7M4v9QcgB7S63Kj/6WqMiFQJpBBYz1Pt+66bZpP3Q7Lye0Oo9MPKEdg=="
    },
    "echarts": {
      "version": "5.3.3",
      "resolved": "https://registry.npmjs.org/echarts/-/echarts-5.3.3.tgz",
      "integrity": "sha512-BRw2serInRwO5SIwRviZ6Xgm5Lb7irgz+sLiFMmy/HOaf4SQ+7oYqxKzRHAKp4xHQ05AuHw1xvoQWJjDQq/FGw==",
      "requires": {
        "tslib": "2.3.0",
        "zrender": "5.3.2"
      }
    },
    "shvl": {
      "version": "2.0.2",
      "resolved": "https://registry.npmjs.org/shvl/-/shvl-2.0.2.tgz",
      "integrity": "sha512-G3KkIXPza3dgkt6Bo8zIl5K/KvAAhbG6o9KfAjhPvrIIzzAhnfc2ztv1i+iPTbNNM43MaBUqIaZwqVjkSgY/rw=="
    },
    "tslib": {
      "version": "2.3.0",
      "resolved": "https://registry.npmjs.org/tslib/-/tslib-2.3.0.tgz",
      "integrity": "sha512-N82ooyxVNm6h1riLCoyS9e3fuJ3AMG2zIZs2Gd1ATcSFjSA23Q0fzjjZeh0jbJvWVDZ0cJT8yaNNaaXHzueNjg=="
    },
    "vuex-persistedstate": {
      "version": "4.0.0-beta.3",
      "resolved": "https://registry.npmjs.org/vuex-persistedstate/-/vuex-persistedstate-4.0.0-beta.3.tgz",
      "integrity": "sha512-T4IRD27qoUWh+8qr6T6zVp15xO7x/nPgnU13OD0C2uUwA7U9PhGozrj6lvVmMYDyRgc36J0msMXn3GvwHjkIhA==",
      "requires": {
        "deepmerge": "^4.2.2",
        "shvl": "^2.0.2"
      }
    },
    "zrender": {
      "version": "5.3.2",
      "resolved": "https://registry.npmjs.org/zrender/-/zrender-5.3.2.tgz",
      "integrity": "sha512-8IiYdfwHj2rx0UeIGZGGU4WEVSDEdeVCaIg/fomejg1Xu6OifAL1GVzIPHg2D+MyUkbNgPWji90t0a8IDk+39w==",
      "requires": {
        "tslib": "2.3.0"
      }
    }
  }
}
